
Microsoft Visual Studio Solution File, Format Version 12.00
# Visual Studio 15
VisualStudioVersion = 15.0.27703.2000
MinimumVisualStudioVersion = 10.0.40219.1
Project("{9A19103F-16F7-4668-BE54-9A1E7A4F7556}") = "Demo", "Demo\Demo.csproj", "{7E8F0390-C3B1-438E-A384-BC3DF0912D34}"
EndProject
Project("{FAE04EC0-301F-11D3-BF4B-00C04F79EFBC}") = "Demo2SoftUni", "Demo2SoftUni\Demo2SoftUni.csproj", "{7A5E5875-BE68-493D-86FC-0F757D076EBB}"
EndProject
Project("{FAE04EC0-301F-11D3-BF4B-00C04F79EFBC}") = "P02_DatabaseFirst", "P02_DatabaseFirst\P02_DatabaseFirst.csproj", "{3F2B85AC-445A-4D17-93DB-0EA8703196D4}"
EndProject
Global
	GlobalSection(SolutionConfigurationPlatforms) = preSolution
		Debug|Any CPU = Debug|Any CPU
		Release|Any CPU = Release|Any CPU
	EndGlobalSection
	GlobalSection(ProjectConfigurationPlatforms) = postSolution
		{7E8F0390-C3B1-438E-A384-BC3DF0912D34}.Debug|Any CPU.ActiveCfg = Debug|Any CPU
		{7E8F0390-C3B1-438E-A384-BC3DF0912D34}.Debug|Any CPU.Build.0 = Debug|Any CPU
		{7E8F0390-C3B1-438E-A384-BC3DF0912D34}.Release|Any CPU.ActiveCfg = Release|Any CPU
		{7E8F0390-C3B1-438E-A384-BC3DF0912D34}.Release|Any CPU.Build.0 = Release|Any CPU
		{7A5E5875-BE68-493D-86FC-0F757D076EBB}.Debug|Any CPU.ActiveCfg = Debug|Any CPU
		{7A5E5875-BE68-493D-86FC-0F757D076EBB}.Debug|Any CPU.Build.0 = Debug|Any CPU
		{7A5E5875-BE68-493D-86FC-0F757D076EBB}.Release|Any CPU.ActiveCfg = Release|Any CPU
		{7A5E5875-BE68-493D-86FC-0F757D076EBB}.Release|Any CPU.Build.0 = Release|Any CPU
		{3F2B85AC-445A-4D17-93DB-0EA8703196D4}.Debug|Any CPU.ActiveCfg = Debug|Any CPU
		{3F2B85AC-445A-4D17-93DB-0EA8703196D4}.Debug|Any CPU.Build.0 = Debug|Any CPU
		{3F2B85AC-445A-4D17-93DB-0EA8703196D4}.Release|Any CPU.ActiveCfg = Release|Any CPU
		{3F2B85AC-445A-4D17-93DB-0EA8703196D4}.Release|Any CPU.Build.0 = Release|Any CPU
	EndGlobalSection
	GlobalSection(SolutionProperties) = preSolution
		HideSolutionNode = FALSE
	EndGlobalSection
	GlobalSection(ExtensibilityGlobals) = postSolution
		SolutionGuid = {C1D1192C-C5CC-434E-A2C2-A6EEF912C246}
	EndGlobalSection
EndGlobal
