
Microsoft Visual Studio Solution File, Format Version 12.00
# Visual Studio 15
VisualStudioVersion = 15.0.27703.2026
MinimumVisualStudioVersion = 10.0.40219.1
Project("{FAE04EC0-301F-11D3-BF4B-00C04F79EFBC}") = "AdoNetIntro", "AdoNetIntro\AdoNetIntro.csproj", "{924AFC20-C1A0-41DB-A12A-AA0F6BEF6EA1}"
EndProject
Project("{FAE04EC0-301F-11D3-BF4B-00C04F79EFBC}") = "P02_VillainNames", "P02_VillainNames\P02_VillainNames.csproj", "{F160DC97-53AD-4C41-86EB-AD30CE34D31C}"
EndProject
Project("{FAE04EC0-301F-11D3-BF4B-00C04F79EFBC}") = "P03_MinionNames", "P03_MinionNames\P03_MinionNames.csproj", "{6AD34B70-E1C2-46D0-BC45-DE8666224FAE}"
EndProject
Project("{FAE04EC0-301F-11D3-BF4B-00C04F79EFBC}") = "P04_AddMinion", "P04_AddMinion\P04_AddMinion.csproj", "{D821F347-E10E-405C-8786-1CAB44D2FBD6}"
EndProject
Project("{FAE04EC0-301F-11D3-BF4B-00C04F79EFBC}") = "P05_ChangeTownNamesCasing", "P05_ChangeTownNamesCasing\P05_ChangeTownNamesCasing.csproj", "{BF85AD9A-A7E7-42DC-A715-C364B0C6FD36}"
EndProject
Project("{FAE04EC0-301F-11D3-BF4B-00C04F79EFBC}") = "P06_RemoveVillain", "P06_RemoveVillain\P06_RemoveVillain.csproj", "{68CBC248-64CF-4220-AAA6-4BE5DCBEA83B}"
EndProject
Global
	GlobalSection(SolutionConfigurationPlatforms) = preSolution
		Debug|Any CPU = Debug|Any CPU
		Release|Any CPU = Release|Any CPU
	EndGlobalSection
	GlobalSection(ProjectConfigurationPlatforms) = postSolution
		{924AFC20-C1A0-41DB-A12A-AA0F6BEF6EA1}.Debug|Any CPU.ActiveCfg = Debug|Any CPU
		{924AFC20-C1A0-41DB-A12A-AA0F6BEF6EA1}.Debug|Any CPU.Build.0 = Debug|Any CPU
		{924AFC20-C1A0-41DB-A12A-AA0F6BEF6EA1}.Release|Any CPU.ActiveCfg = Release|Any CPU
		{924AFC20-C1A0-41DB-A12A-AA0F6BEF6EA1}.Release|Any CPU.Build.0 = Release|Any CPU
		{F160DC97-53AD-4C41-86EB-AD30CE34D31C}.Debug|Any CPU.ActiveCfg = Debug|Any CPU
		{F160DC97-53AD-4C41-86EB-AD30CE34D31C}.Debug|Any CPU.Build.0 = Debug|Any CPU
		{F160DC97-53AD-4C41-86EB-AD30CE34D31C}.Release|Any CPU.ActiveCfg = Release|Any CPU
		{F160DC97-53AD-4C41-86EB-AD30CE34D31C}.Release|Any CPU.Build.0 = Release|Any CPU
		{6AD34B70-E1C2-46D0-BC45-DE8666224FAE}.Debug|Any CPU.ActiveCfg = Debug|Any CPU
		{6AD34B70-E1C2-46D0-BC45-DE8666224FAE}.Debug|Any CPU.Build.0 = Debug|Any CPU
		{6AD34B70-E1C2-46D0-BC45-DE8666224FAE}.Release|Any CPU.ActiveCfg = Release|Any CPU
		{6AD34B70-E1C2-46D0-BC45-DE8666224FAE}.Release|Any CPU.Build.0 = Release|Any CPU
		{D821F347-E10E-405C-8786-1CAB44D2FBD6}.Debug|Any CPU.ActiveCfg = Debug|Any CPU
		{D821F347-E10E-405C-8786-1CAB44D2FBD6}.Debug|Any CPU.Build.0 = Debug|Any CPU
		{D821F347-E10E-405C-8786-1CAB44D2FBD6}.Release|Any CPU.ActiveCfg = Release|Any CPU
		{D821F347-E10E-405C-8786-1CAB44D2FBD6}.Release|Any CPU.Build.0 = Release|Any CPU
		{BF85AD9A-A7E7-42DC-A715-C364B0C6FD36}.Debug|Any CPU.ActiveCfg = Debug|Any CPU
		{BF85AD9A-A7E7-42DC-A715-C364B0C6FD36}.Debug|Any CPU.Build.0 = Debug|Any CPU
		{BF85AD9A-A7E7-42DC-A715-C364B0C6FD36}.Release|Any CPU.ActiveCfg = Release|Any CPU
		{BF85AD9A-A7E7-42DC-A715-C364B0C6FD36}.Release|Any CPU.Build.0 = Release|Any CPU
		{68CBC248-64CF-4220-AAA6-4BE5DCBEA83B}.Debug|Any CPU.ActiveCfg = Debug|Any CPU
		{68CBC248-64CF-4220-AAA6-4BE5DCBEA83B}.Debug|Any CPU.Build.0 = Debug|Any CPU
		{68CBC248-64CF-4220-AAA6-4BE5DCBEA83B}.Release|Any CPU.ActiveCfg = Release|Any CPU
		{68CBC248-64CF-4220-AAA6-4BE5DCBEA83B}.Release|Any CPU.Build.0 = Release|Any CPU
	EndGlobalSection
	GlobalSection(SolutionProperties) = preSolution
		HideSolutionNode = FALSE
	EndGlobalSection
	GlobalSection(ExtensibilityGlobals) = postSolution
		SolutionGuid = {57AE3B74-4583-4846-85FC-0AFA31A3546D}
	EndGlobalSection
EndGlobal
