
Microsoft Visual Studio Solution File, Format Version 12.00
# Visual Studio 15
VisualStudioVersion = 15.0.27703.2026
MinimumVisualStudioVersion = 10.0.40219.1
Project("{9A19103F-16F7-4668-BE54-9A1E7A4F7556}") = "Demo", "Demo\Demo.csproj", "{58FC9FD2-2B0C-4AFF-9B3F-201A4441ECD9}"
EndProject
Project("{9A19103F-16F7-4668-BE54-9A1E7A4F7556}") = "Demo2SoftUni", "..\IntroductionEntityFrmamework\Demo2SoftUni\Demo2SoftUni.csproj", "{3190C67F-6E89-4C40-B221-74FC8F3AD2CE}"
EndProject
Project("{FAE04EC0-301F-11D3-BF4B-00C04F79EFBC}") = "P01_BillsPaymentSystem.App", "P01_BillsPaymentSystem.App\P01_BillsPaymentSystem.App.csproj", "{4910D698-708B-465B-B65F-FE9BB08AD4D1}"
EndProject
Project("{FAE04EC0-301F-11D3-BF4B-00C04F79EFBC}") = "P01_BillsPaymentSystem.Data", "P01_BillsPaymentSystem.Data\P01_BillsPaymentSystem.Data.csproj", "{43CDE5A3-D31E-4F8F-B464-815E37A251FB}"
EndProject
Project("{FAE04EC0-301F-11D3-BF4B-00C04F79EFBC}") = "P01_BillsPaymentSystem.Data.Models", "P01_BillsPaymentSystem.Data.Models\P01_BillsPaymentSystem.Data.Models.csproj", "{67B2DAE1-D6E9-457F-A80F-DFE4A66D0066}"
EndProject
Global
	GlobalSection(SolutionConfigurationPlatforms) = preSolution
		Debug|Any CPU = Debug|Any CPU
		Release|Any CPU = Release|Any CPU
	EndGlobalSection
	GlobalSection(ProjectConfigurationPlatforms) = postSolution
		{58FC9FD2-2B0C-4AFF-9B3F-201A4441ECD9}.Debug|Any CPU.ActiveCfg = Debug|Any CPU
		{58FC9FD2-2B0C-4AFF-9B3F-201A4441ECD9}.Debug|Any CPU.Build.0 = Debug|Any CPU
		{58FC9FD2-2B0C-4AFF-9B3F-201A4441ECD9}.Release|Any CPU.ActiveCfg = Release|Any CPU
		{58FC9FD2-2B0C-4AFF-9B3F-201A4441ECD9}.Release|Any CPU.Build.0 = Release|Any CPU
		{3190C67F-6E89-4C40-B221-74FC8F3AD2CE}.Debug|Any CPU.ActiveCfg = Debug|Any CPU
		{3190C67F-6E89-4C40-B221-74FC8F3AD2CE}.Debug|Any CPU.Build.0 = Debug|Any CPU
		{3190C67F-6E89-4C40-B221-74FC8F3AD2CE}.Release|Any CPU.ActiveCfg = Release|Any CPU
		{3190C67F-6E89-4C40-B221-74FC8F3AD2CE}.Release|Any CPU.Build.0 = Release|Any CPU
		{4910D698-708B-465B-B65F-FE9BB08AD4D1}.Debug|Any CPU.ActiveCfg = Debug|Any CPU
		{4910D698-708B-465B-B65F-FE9BB08AD4D1}.Debug|Any CPU.Build.0 = Debug|Any CPU
		{4910D698-708B-465B-B65F-FE9BB08AD4D1}.Release|Any CPU.ActiveCfg = Release|Any CPU
		{4910D698-708B-465B-B65F-FE9BB08AD4D1}.Release|Any CPU.Build.0 = Release|Any CPU
		{43CDE5A3-D31E-4F8F-B464-815E37A251FB}.Debug|Any CPU.ActiveCfg = Debug|Any CPU
		{43CDE5A3-D31E-4F8F-B464-815E37A251FB}.Debug|Any CPU.Build.0 = Debug|Any CPU
		{43CDE5A3-D31E-4F8F-B464-815E37A251FB}.Release|Any CPU.ActiveCfg = Release|Any CPU
		{43CDE5A3-D31E-4F8F-B464-815E37A251FB}.Release|Any CPU.Build.0 = Release|Any CPU
		{67B2DAE1-D6E9-457F-A80F-DFE4A66D0066}.Debug|Any CPU.ActiveCfg = Debug|Any CPU
		{67B2DAE1-D6E9-457F-A80F-DFE4A66D0066}.Debug|Any CPU.Build.0 = Debug|Any CPU
		{67B2DAE1-D6E9-457F-A80F-DFE4A66D0066}.Release|Any CPU.ActiveCfg = Release|Any CPU
		{67B2DAE1-D6E9-457F-A80F-DFE4A66D0066}.Release|Any CPU.Build.0 = Release|Any CPU
	EndGlobalSection
	GlobalSection(SolutionProperties) = preSolution
		HideSolutionNode = FALSE
	EndGlobalSection
	GlobalSection(ExtensibilityGlobals) = postSolution
		SolutionGuid = {45A968B9-CEBA-4589-8888-267552464CE3}
	EndGlobalSection
EndGlobal
