
Microsoft Visual Studio Solution File, Format Version 12.00
# Visual Studio 15
VisualStudioVersion = 15.0.27703.2026
MinimumVisualStudioVersion = 10.0.40219.1
Project("{FAE04EC0-301F-11D3-BF4B-00C04F79EFBC}") = "Demo", "Demo\Demo.csproj", "{2A01C6AE-28E2-47CB-A15F-489CF0CF0422}"
EndProject
Global
	GlobalSection(SolutionConfigurationPlatforms) = preSolution
		Debug|Any CPU = Debug|Any CPU
		Release|Any CPU = Release|Any CPU
	EndGlobalSection
	GlobalSection(ProjectConfigurationPlatforms) = postSolution
		{2A01C6AE-28E2-47CB-A15F-489CF0CF0422}.Debug|Any CPU.ActiveCfg = Debug|Any CPU
		{2A01C6AE-28E2-47CB-A15F-489CF0CF0422}.Debug|Any CPU.Build.0 = Debug|Any CPU
		{2A01C6AE-28E2-47CB-A15F-489CF0CF0422}.Release|Any CPU.ActiveCfg = Release|Any CPU
		{2A01C6AE-28E2-47CB-A15F-489CF0CF0422}.Release|Any CPU.Build.0 = Release|Any CPU
	EndGlobalSection
	GlobalSection(SolutionProperties) = preSolution
		HideSolutionNode = FALSE
	EndGlobalSection
	GlobalSection(ExtensibilityGlobals) = postSolution
		SolutionGuid = {3683EC5C-614C-4EE1-B951-574FA0EA1637}
	EndGlobalSection
EndGlobal
