
Microsoft Visual Studio Solution File, Format Version 12.00
# Visual Studio 15
VisualStudioVersion = 15.0.27703.2026
MinimumVisualStudioVersion = 10.0.40219.1
Project("{FAE04EC0-301F-11D3-BF4B-00C04F79EFBC}") = "Employees.Application", "Employees.Application\Employees.Application.csproj", "{9D4046D7-3E97-40D3-9093-AC61C8BD582A}"
EndProject
Project("{FAE04EC0-301F-11D3-BF4B-00C04F79EFBC}") = "Employees.Models", "Employees.Models\Employees.Models.csproj", "{924B4050-273D-4AE5-AAE5-B5E93A2780EF}"
EndProject
Project("{FAE04EC0-301F-11D3-BF4B-00C04F79EFBC}") = "Employees.Services", "Employees.Services\Employees.Services.csproj", "{255851FA-5DB5-4F37-8D06-D42CC203D557}"
EndProject
Project("{FAE04EC0-301F-11D3-BF4B-00C04F79EFBC}") = "Employees.Data", "Employees.Data\Employees.Data.csproj", "{ECB21696-DBE0-4332-B803-7BA0C6214901}"
EndProject
Project("{FAE04EC0-301F-11D3-BF4B-00C04F79EFBC}") = "Employees.DtoModels", "Employees.DtoModels\Employees.DtoModels.csproj", "{9C492665-A407-4817-97CE-C74BF2CDEC2E}"
EndProject
Global
	GlobalSection(SolutionConfigurationPlatforms) = preSolution
		Debug|Any CPU = Debug|Any CPU
		Release|Any CPU = Release|Any CPU
	EndGlobalSection
	GlobalSection(ProjectConfigurationPlatforms) = postSolution
		{9D4046D7-3E97-40D3-9093-AC61C8BD582A}.Debug|Any CPU.ActiveCfg = Debug|Any CPU
		{9D4046D7-3E97-40D3-9093-AC61C8BD582A}.Debug|Any CPU.Build.0 = Debug|Any CPU
		{9D4046D7-3E97-40D3-9093-AC61C8BD582A}.Release|Any CPU.ActiveCfg = Release|Any CPU
		{9D4046D7-3E97-40D3-9093-AC61C8BD582A}.Release|Any CPU.Build.0 = Release|Any CPU
		{924B4050-273D-4AE5-AAE5-B5E93A2780EF}.Debug|Any CPU.ActiveCfg = Debug|Any CPU
		{924B4050-273D-4AE5-AAE5-B5E93A2780EF}.Debug|Any CPU.Build.0 = Debug|Any CPU
		{924B4050-273D-4AE5-AAE5-B5E93A2780EF}.Release|Any CPU.ActiveCfg = Release|Any CPU
		{924B4050-273D-4AE5-AAE5-B5E93A2780EF}.Release|Any CPU.Build.0 = Release|Any CPU
		{255851FA-5DB5-4F37-8D06-D42CC203D557}.Debug|Any CPU.ActiveCfg = Debug|Any CPU
		{255851FA-5DB5-4F37-8D06-D42CC203D557}.Debug|Any CPU.Build.0 = Debug|Any CPU
		{255851FA-5DB5-4F37-8D06-D42CC203D557}.Release|Any CPU.ActiveCfg = Release|Any CPU
		{255851FA-5DB5-4F37-8D06-D42CC203D557}.Release|Any CPU.Build.0 = Release|Any CPU
		{ECB21696-DBE0-4332-B803-7BA0C6214901}.Debug|Any CPU.ActiveCfg = Debug|Any CPU
		{ECB21696-DBE0-4332-B803-7BA0C6214901}.Debug|Any CPU.Build.0 = Debug|Any CPU
		{ECB21696-DBE0-4332-B803-7BA0C6214901}.Release|Any CPU.ActiveCfg = Release|Any CPU
		{ECB21696-DBE0-4332-B803-7BA0C6214901}.Release|Any CPU.Build.0 = Release|Any CPU
		{9C492665-A407-4817-97CE-C74BF2CDEC2E}.Debug|Any CPU.ActiveCfg = Debug|Any CPU
		{9C492665-A407-4817-97CE-C74BF2CDEC2E}.Debug|Any CPU.Build.0 = Debug|Any CPU
		{9C492665-A407-4817-97CE-C74BF2CDEC2E}.Release|Any CPU.ActiveCfg = Release|Any CPU
		{9C492665-A407-4817-97CE-C74BF2CDEC2E}.Release|Any CPU.Build.0 = Release|Any CPU
	EndGlobalSection
	GlobalSection(SolutionProperties) = preSolution
		HideSolutionNode = FALSE
	EndGlobalSection
	GlobalSection(ExtensibilityGlobals) = postSolution
		SolutionGuid = {AC4DAF1B-1B77-4043-9DCA-93A23DFD9C4A}
	EndGlobalSection
EndGlobal
