
Microsoft Visual Studio Solution File, Format Version 12.00
# Visual Studio 15
VisualStudioVersion = 15.0.27703.2026
MinimumVisualStudioVersion = 10.0.40219.1
Project("{FAE04EC0-301F-11D3-BF4B-00C04F79EFBC}") = "XmlProductShop.Application", "XmlProductShop.Application\XmlProductShop.Application.csproj", "{24EDCFBB-F6F4-4F41-8565-736F423D5670}"
EndProject
Project("{FAE04EC0-301F-11D3-BF4B-00C04F79EFBC}") = "XMLProductShop.Data", "XMLProductShop.Data\XMLProductShop.Data.csproj", "{821EF6BD-4F6F-4F08-B353-69555EE03A6B}"
EndProject
Project("{FAE04EC0-301F-11D3-BF4B-00C04F79EFBC}") = "XMLProductShop.Models", "XMLProductShop.Models\XMLProductShop.Models.csproj", "{DBD03821-278B-4CD9-AC4E-0F4848F891F0}"
EndProject
Project("{FAE04EC0-301F-11D3-BF4B-00C04F79EFBC}") = "XmlProductShop.DataProcessing", "XmlProductShop.DataProcessing\XmlProductShop.DataProcessing.csproj", "{F8F95657-7758-4B6F-B47B-CFA564F21A76}"
EndProject
Global
	GlobalSection(SolutionConfigurationPlatforms) = preSolution
		Debug|Any CPU = Debug|Any CPU
		Release|Any CPU = Release|Any CPU
	EndGlobalSection
	GlobalSection(ProjectConfigurationPlatforms) = postSolution
		{24EDCFBB-F6F4-4F41-8565-736F423D5670}.Debug|Any CPU.ActiveCfg = Debug|Any CPU
		{24EDCFBB-F6F4-4F41-8565-736F423D5670}.Debug|Any CPU.Build.0 = Debug|Any CPU
		{24EDCFBB-F6F4-4F41-8565-736F423D5670}.Release|Any CPU.ActiveCfg = Release|Any CPU
		{24EDCFBB-F6F4-4F41-8565-736F423D5670}.Release|Any CPU.Build.0 = Release|Any CPU
		{821EF6BD-4F6F-4F08-B353-69555EE03A6B}.Debug|Any CPU.ActiveCfg = Debug|Any CPU
		{821EF6BD-4F6F-4F08-B353-69555EE03A6B}.Debug|Any CPU.Build.0 = Debug|Any CPU
		{821EF6BD-4F6F-4F08-B353-69555EE03A6B}.Release|Any CPU.ActiveCfg = Release|Any CPU
		{821EF6BD-4F6F-4F08-B353-69555EE03A6B}.Release|Any CPU.Build.0 = Release|Any CPU
		{DBD03821-278B-4CD9-AC4E-0F4848F891F0}.Debug|Any CPU.ActiveCfg = Debug|Any CPU
		{DBD03821-278B-4CD9-AC4E-0F4848F891F0}.Debug|Any CPU.Build.0 = Debug|Any CPU
		{DBD03821-278B-4CD9-AC4E-0F4848F891F0}.Release|Any CPU.ActiveCfg = Release|Any CPU
		{DBD03821-278B-4CD9-AC4E-0F4848F891F0}.Release|Any CPU.Build.0 = Release|Any CPU
		{F8F95657-7758-4B6F-B47B-CFA564F21A76}.Debug|Any CPU.ActiveCfg = Debug|Any CPU
		{F8F95657-7758-4B6F-B47B-CFA564F21A76}.Debug|Any CPU.Build.0 = Debug|Any CPU
		{F8F95657-7758-4B6F-B47B-CFA564F21A76}.Release|Any CPU.ActiveCfg = Release|Any CPU
		{F8F95657-7758-4B6F-B47B-CFA564F21A76}.Release|Any CPU.Build.0 = Release|Any CPU
	EndGlobalSection
	GlobalSection(SolutionProperties) = preSolution
		HideSolutionNode = FALSE
	EndGlobalSection
	GlobalSection(ExtensibilityGlobals) = postSolution
		SolutionGuid = {F0C51F6A-0686-4BB5-B43C-ACD1BAE1EC02}
	EndGlobalSection
EndGlobal
