
Microsoft Visual Studio Solution File, Format Version 12.00
# Visual Studio 15
VisualStudioVersion = 15.0.27703.2026
MinimumVisualStudioVersion = 10.0.40219.1
Project("{9A19103F-16F7-4668-BE54-9A1E7A4F7556}") = "Forum.App", "Forum.App\Forum.App.csproj", "{C19EDEA9-E68D-42A3-9766-2C71E0CB494C}"
EndProject
Project("{9A19103F-16F7-4668-BE54-9A1E7A4F7556}") = "Forum.Data", "Forum.Data\Forum.Data.csproj", "{123D6205-A384-4927-A9A6-10D881271288}"
EndProject
Project("{9A19103F-16F7-4668-BE54-9A1E7A4F7556}") = "Forum.Models", "Forum.Models\Forum.Models.csproj", "{819A2729-2AD9-45B7-930D-C68B9C1D9968}"
EndProject
Project("{9A19103F-16F7-4668-BE54-9A1E7A4F7556}") = "Forum.Services", "Forum.Services\Forum.Services.csproj", "{DCD3CDE2-D348-4A43-9375-7E1937ED2A4B}"
EndProject
Project("{9A19103F-16F7-4668-BE54-9A1E7A4F7556}") = "PhotoShare.Client", "PhotoShare.Client\PhotoShare.Client.csproj", "{490C7CCD-F7F1-41D5-9C5E-791D2370FA1B}"
EndProject
Project("{9A19103F-16F7-4668-BE54-9A1E7A4F7556}") = "PhotoShare.Models", "PhotoShare.Models\PhotoShare.Models.csproj", "{4B924B0C-EA4A-4E77-9FBB-5B56493D7824}"
EndProject
Project("{9A19103F-16F7-4668-BE54-9A1E7A4F7556}") = "PhotoShare.Data", "PhotoShare.Data\PhotoShare.Data.csproj", "{5D456C64-9C71-42AD-BF35-073E463FC8DB}"
EndProject
Project("{FAE04EC0-301F-11D3-BF4B-00C04F79EFBC}") = "BusTicketsSystem.Models", "BusTicketsSyste.Models\BusTicketsSystem.Models.csproj", "{D3396ED5-7B24-48FF-81D0-186D055416D0}"
EndProject
Project("{FAE04EC0-301F-11D3-BF4B-00C04F79EFBC}") = "BusTicketsSystem.Data", "BusTicketSystem.Data\BusTicketsSystem.Data.csproj", "{2BFBF500-AADB-40C8-B60D-BABB030E9ADF}"
EndProject
Project("{FAE04EC0-301F-11D3-BF4B-00C04F79EFBC}") = "BusTicketsSystem.Client", "BusTicketSystem.Client\BusTicketsSystem.Client.csproj", "{7F307FD5-D7D1-44FF-97A0-98D97F60F084}"
EndProject
Global
	GlobalSection(SolutionConfigurationPlatforms) = preSolution
		Debug|Any CPU = Debug|Any CPU
		Release|Any CPU = Release|Any CPU
	EndGlobalSection
	GlobalSection(ProjectConfigurationPlatforms) = postSolution
		{C19EDEA9-E68D-42A3-9766-2C71E0CB494C}.Debug|Any CPU.ActiveCfg = Debug|Any CPU
		{C19EDEA9-E68D-42A3-9766-2C71E0CB494C}.Debug|Any CPU.Build.0 = Debug|Any CPU
		{C19EDEA9-E68D-42A3-9766-2C71E0CB494C}.Release|Any CPU.ActiveCfg = Release|Any CPU
		{C19EDEA9-E68D-42A3-9766-2C71E0CB494C}.Release|Any CPU.Build.0 = Release|Any CPU
		{123D6205-A384-4927-A9A6-10D881271288}.Debug|Any CPU.ActiveCfg = Debug|Any CPU
		{123D6205-A384-4927-A9A6-10D881271288}.Debug|Any CPU.Build.0 = Debug|Any CPU
		{123D6205-A384-4927-A9A6-10D881271288}.Release|Any CPU.ActiveCfg = Release|Any CPU
		{123D6205-A384-4927-A9A6-10D881271288}.Release|Any CPU.Build.0 = Release|Any CPU
		{819A2729-2AD9-45B7-930D-C68B9C1D9968}.Debug|Any CPU.ActiveCfg = Debug|Any CPU
		{819A2729-2AD9-45B7-930D-C68B9C1D9968}.Debug|Any CPU.Build.0 = Debug|Any CPU
		{819A2729-2AD9-45B7-930D-C68B9C1D9968}.Release|Any CPU.ActiveCfg = Release|Any CPU
		{819A2729-2AD9-45B7-930D-C68B9C1D9968}.Release|Any CPU.Build.0 = Release|Any CPU
		{DCD3CDE2-D348-4A43-9375-7E1937ED2A4B}.Debug|Any CPU.ActiveCfg = Debug|Any CPU
		{DCD3CDE2-D348-4A43-9375-7E1937ED2A4B}.Debug|Any CPU.Build.0 = Debug|Any CPU
		{DCD3CDE2-D348-4A43-9375-7E1937ED2A4B}.Release|Any CPU.ActiveCfg = Release|Any CPU
		{DCD3CDE2-D348-4A43-9375-7E1937ED2A4B}.Release|Any CPU.Build.0 = Release|Any CPU
		{490C7CCD-F7F1-41D5-9C5E-791D2370FA1B}.Debug|Any CPU.ActiveCfg = Debug|Any CPU
		{490C7CCD-F7F1-41D5-9C5E-791D2370FA1B}.Debug|Any CPU.Build.0 = Debug|Any CPU
		{490C7CCD-F7F1-41D5-9C5E-791D2370FA1B}.Release|Any CPU.ActiveCfg = Release|Any CPU
		{490C7CCD-F7F1-41D5-9C5E-791D2370FA1B}.Release|Any CPU.Build.0 = Release|Any CPU
		{4B924B0C-EA4A-4E77-9FBB-5B56493D7824}.Debug|Any CPU.ActiveCfg = Debug|Any CPU
		{4B924B0C-EA4A-4E77-9FBB-5B56493D7824}.Debug|Any CPU.Build.0 = Debug|Any CPU
		{4B924B0C-EA4A-4E77-9FBB-5B56493D7824}.Release|Any CPU.ActiveCfg = Release|Any CPU
		{4B924B0C-EA4A-4E77-9FBB-5B56493D7824}.Release|Any CPU.Build.0 = Release|Any CPU
		{5D456C64-9C71-42AD-BF35-073E463FC8DB}.Debug|Any CPU.ActiveCfg = Debug|Any CPU
		{5D456C64-9C71-42AD-BF35-073E463FC8DB}.Debug|Any CPU.Build.0 = Debug|Any CPU
		{5D456C64-9C71-42AD-BF35-073E463FC8DB}.Release|Any CPU.ActiveCfg = Release|Any CPU
		{5D456C64-9C71-42AD-BF35-073E463FC8DB}.Release|Any CPU.Build.0 = Release|Any CPU
		{D3396ED5-7B24-48FF-81D0-186D055416D0}.Debug|Any CPU.ActiveCfg = Debug|Any CPU
		{D3396ED5-7B24-48FF-81D0-186D055416D0}.Debug|Any CPU.Build.0 = Debug|Any CPU
		{D3396ED5-7B24-48FF-81D0-186D055416D0}.Release|Any CPU.ActiveCfg = Release|Any CPU
		{D3396ED5-7B24-48FF-81D0-186D055416D0}.Release|Any CPU.Build.0 = Release|Any CPU
		{2BFBF500-AADB-40C8-B60D-BABB030E9ADF}.Debug|Any CPU.ActiveCfg = Debug|Any CPU
		{2BFBF500-AADB-40C8-B60D-BABB030E9ADF}.Debug|Any CPU.Build.0 = Debug|Any CPU
		{2BFBF500-AADB-40C8-B60D-BABB030E9ADF}.Release|Any CPU.ActiveCfg = Release|Any CPU
		{2BFBF500-AADB-40C8-B60D-BABB030E9ADF}.Release|Any CPU.Build.0 = Release|Any CPU
		{7F307FD5-D7D1-44FF-97A0-98D97F60F084}.Debug|Any CPU.ActiveCfg = Debug|Any CPU
		{7F307FD5-D7D1-44FF-97A0-98D97F60F084}.Debug|Any CPU.Build.0 = Debug|Any CPU
		{7F307FD5-D7D1-44FF-97A0-98D97F60F084}.Release|Any CPU.ActiveCfg = Release|Any CPU
		{7F307FD5-D7D1-44FF-97A0-98D97F60F084}.Release|Any CPU.Build.0 = Release|Any CPU
	EndGlobalSection
	GlobalSection(SolutionProperties) = preSolution
		HideSolutionNode = FALSE
	EndGlobalSection
	GlobalSection(ExtensibilityGlobals) = postSolution
		SolutionGuid = {D84BC708-F907-48E0-A293-60CFCD693AA3}
	EndGlobalSection
EndGlobal
